
Microsoft Visual Studio Solution File, Format Version 12.00
# Visual Studio Version 16
VisualStudioVersion = 16.0.31112.23
MinimumVisualStudioVersion = 10.0.40219.1
Project("{FAE04EC0-301F-11D3-BF4B-00C04F79EFBC}") = "NumberConverter", "NumberConverter.csproj", "{F1AF468E-36C5-418D-AC59-36704F5771D2}"
EndProject
Project("{FAE04EC0-301F-11D3-BF4B-00C04F79EFBC}") = "NumberConverterTests", "..\NumberConverterTests\NumberConverterTests.csproj", "{ECBA94CC-BBC9-46AC-BC20-3B0719051ABA}"
EndProject
Project("{FAE04EC0-301F-11D3-BF4B-00C04F79EFBC}") = "BracketBalance", "..\BracketBalance\BracketBalance.csproj", "{7917DF79-CBFD-4BD3-8262-35FC9DA7ACC5}"
EndProject
Project("{FAE04EC0-301F-11D3-BF4B-00C04F79EFBC}") = "BracketBalanceTests", "..\BracketBalanceTests\BracketBalanceTests.csproj", "{D5831AD8-2B98-48EE-825E-24113E51EBA4}"
EndProject
Global
	GlobalSection(SolutionConfigurationPlatforms) = preSolution
		Debug|Any CPU = Debug|Any CPU
		Release|Any CPU = Release|Any CPU
	EndGlobalSection
	GlobalSection(ProjectConfigurationPlatforms) = postSolution
		{F1AF468E-36C5-418D-AC59-36704F5771D2}.Debug|Any CPU.ActiveCfg = Debug|Any CPU
		{F1AF468E-36C5-418D-AC59-36704F5771D2}.Debug|Any CPU.Build.0 = Debug|Any CPU
		{F1AF468E-36C5-418D-AC59-36704F5771D2}.Release|Any CPU.ActiveCfg = Release|Any CPU
		{F1AF468E-36C5-418D-AC59-36704F5771D2}.Release|Any CPU.Build.0 = Release|Any CPU
		{ECBA94CC-BBC9-46AC-BC20-3B0719051ABA}.Debug|Any CPU.ActiveCfg = Debug|Any CPU
		{ECBA94CC-BBC9-46AC-BC20-3B0719051ABA}.Debug|Any CPU.Build.0 = Debug|Any CPU
		{ECBA94CC-BBC9-46AC-BC20-3B0719051ABA}.Release|Any CPU.ActiveCfg = Release|Any CPU
		{ECBA94CC-BBC9-46AC-BC20-3B0719051ABA}.Release|Any CPU.Build.0 = Release|Any CPU
		{7917DF79-CBFD-4BD3-8262-35FC9DA7ACC5}.Debug|Any CPU.ActiveCfg = Debug|Any CPU
		{7917DF79-CBFD-4BD3-8262-35FC9DA7ACC5}.Debug|Any CPU.Build.0 = Debug|Any CPU
		{7917DF79-CBFD-4BD3-8262-35FC9DA7ACC5}.Release|Any CPU.ActiveCfg = Release|Any CPU
		{7917DF79-CBFD-4BD3-8262-35FC9DA7ACC5}.Release|Any CPU.Build.0 = Release|Any CPU
		{D5831AD8-2B98-48EE-825E-24113E51EBA4}.Debug|Any CPU.ActiveCfg = Debug|Any CPU
		{D5831AD8-2B98-48EE-825E-24113E51EBA4}.Debug|Any CPU.Build.0 = Debug|Any CPU
		{D5831AD8-2B98-48EE-825E-24113E51EBA4}.Release|Any CPU.ActiveCfg = Release|Any CPU
		{D5831AD8-2B98-48EE-825E-24113E51EBA4}.Release|Any CPU.Build.0 = Release|Any CPU
	EndGlobalSection
	GlobalSection(SolutionProperties) = preSolution
		HideSolutionNode = FALSE
	EndGlobalSection
	GlobalSection(ExtensibilityGlobals) = postSolution
		SolutionGuid = {0E57131C-9AD8-4B91-A015-260CFA29CF7B}
	EndGlobalSection
EndGlobal
